
Microsoft Visual Studio Solution File, Format Version 12.00
# Visual Studio 14
VisualStudioVersion = 14.0.25420.1
MinimumVisualStudioVersion = 10.0.40219.1
Project("{FAE04EC0-301F-11D3-BF4B-00C04F79EFBC}") = "AfterHora", "AfterHora\AfterHora.csproj", "{7CC24D85-6137-4C75-8CA5-10CD5618056A}"
EndProject
Project("{FAE04EC0-301F-11D3-BF4B-00C04F79EFBC}") = "ChaNiBaaStra.Calculator", "..\ChaNiBaaStra\ChaNiBaaStra.Calculator\ChaNiBaaStra.Calculator.csproj", "{E3C26B08-4436-4A6E-9AF4-1253690CCF04}"
EndProject
Project("{FAE04EC0-301F-11D3-BF4B-00C04F79EFBC}") = "ChaNiBaaStra.Utilities", "..\ChaNiBaaStra\ChaNiBaaStra.Utilities\ChaNiBaaStra.Utilities.csproj", "{7ABA334B-C713-495E-8C15-4DF6E0FC0FA2}"
EndProject
Project("{FAE04EC0-301F-11D3-BF4B-00C04F79EFBC}") = "ChaNiBaaStra", "..\ChaNiBaaStra\ChaNiBaaStra\ChaNiBaaStra.csproj", "{15D55B96-2193-45C2-9FC5-D1AC38CDE13C}"
EndProject
Project("{FAE04EC0-301F-11D3-BF4B-00C04F79EFBC}") = "ChaNiBaaStra.DataModels", "..\ChaNiBaaStra\ChaNiBaaStra.DataModels\ChaNiBaaStra.DataModels.csproj", "{AFAF803A-7897-4C73-8A2E-BB0638663BDF}"
EndProject
Project("{FAE04EC0-301F-11D3-BF4B-00C04F79EFBC}") = "ChaNiBaaStra.Dal", "..\ChaNiBaaStra\ChaNiBaaStra.Dal\ChaNiBaaStra.Dal.csproj", "{0FE6B0FF-C5DE-449B-8D83-0CAE78C64C69}"
EndProject
Global
	GlobalSection(SolutionConfigurationPlatforms) = preSolution
		Debug|Any CPU = Debug|Any CPU
		Release|Any CPU = Release|Any CPU
	EndGlobalSection
	GlobalSection(ProjectConfigurationPlatforms) = postSolution
		{7CC24D85-6137-4C75-8CA5-10CD5618056A}.Debug|Any CPU.ActiveCfg = Debug|Any CPU
		{7CC24D85-6137-4C75-8CA5-10CD5618056A}.Debug|Any CPU.Build.0 = Debug|Any CPU
		{7CC24D85-6137-4C75-8CA5-10CD5618056A}.Release|Any CPU.ActiveCfg = Release|Any CPU
		{7CC24D85-6137-4C75-8CA5-10CD5618056A}.Release|Any CPU.Build.0 = Release|Any CPU
		{E3C26B08-4436-4A6E-9AF4-1253690CCF04}.Debug|Any CPU.ActiveCfg = Debug|Any CPU
		{E3C26B08-4436-4A6E-9AF4-1253690CCF04}.Debug|Any CPU.Build.0 = Debug|Any CPU
		{E3C26B08-4436-4A6E-9AF4-1253690CCF04}.Release|Any CPU.ActiveCfg = Release|Any CPU
		{E3C26B08-4436-4A6E-9AF4-1253690CCF04}.Release|Any CPU.Build.0 = Release|Any CPU
		{7ABA334B-C713-495E-8C15-4DF6E0FC0FA2}.Debug|Any CPU.ActiveCfg = Debug|Any CPU
		{7ABA334B-C713-495E-8C15-4DF6E0FC0FA2}.Debug|Any CPU.Build.0 = Debug|Any CPU
		{7ABA334B-C713-495E-8C15-4DF6E0FC0FA2}.Release|Any CPU.ActiveCfg = Release|Any CPU
		{7ABA334B-C713-495E-8C15-4DF6E0FC0FA2}.Release|Any CPU.Build.0 = Release|Any CPU
		{15D55B96-2193-45C2-9FC5-D1AC38CDE13C}.Debug|Any CPU.ActiveCfg = Debug|Any CPU
		{15D55B96-2193-45C2-9FC5-D1AC38CDE13C}.Debug|Any CPU.Build.0 = Debug|Any CPU
		{15D55B96-2193-45C2-9FC5-D1AC38CDE13C}.Release|Any CPU.ActiveCfg = Release|Any CPU
		{15D55B96-2193-45C2-9FC5-D1AC38CDE13C}.Release|Any CPU.Build.0 = Release|Any CPU
		{AFAF803A-7897-4C73-8A2E-BB0638663BDF}.Debug|Any CPU.ActiveCfg = Debug|Any CPU
		{AFAF803A-7897-4C73-8A2E-BB0638663BDF}.Debug|Any CPU.Build.0 = Debug|Any CPU
		{AFAF803A-7897-4C73-8A2E-BB0638663BDF}.Release|Any CPU.ActiveCfg = Release|Any CPU
		{AFAF803A-7897-4C73-8A2E-BB0638663BDF}.Release|Any CPU.Build.0 = Release|Any CPU
		{0FE6B0FF-C5DE-449B-8D83-0CAE78C64C69}.Debug|Any CPU.ActiveCfg = Debug|Any CPU
		{0FE6B0FF-C5DE-449B-8D83-0CAE78C64C69}.Debug|Any CPU.Build.0 = Debug|Any CPU
		{0FE6B0FF-C5DE-449B-8D83-0CAE78C64C69}.Release|Any CPU.ActiveCfg = Release|Any CPU
		{0FE6B0FF-C5DE-449B-8D83-0CAE78C64C69}.Release|Any CPU.Build.0 = Release|Any CPU
	EndGlobalSection
	GlobalSection(SolutionProperties) = preSolution
		HideSolutionNode = FALSE
	EndGlobalSection
EndGlobal
